
Microsoft Visual Studio Solution File, Format Version 12.00
# Visual Studio 15
VisualStudioVersion = 15.0.26730.12
MinimumVisualStudioVersion = 10.0.40219.1
Project("{FAE04EC0-301F-11D3-BF4B-00C04F79EFBC}") = "03", "03\03.csproj", "{B74318D4-0AC6-4417-88EC-3368DED05E7A}"
EndProject
Global
	GlobalSection(SolutionConfigurationPlatforms) = preSolution
		Debug|Any CPU = Debug|Any CPU
		Release|Any CPU = Release|Any CPU
	EndGlobalSection
	GlobalSection(ProjectConfigurationPlatforms) = postSolution
		{B74318D4-0AC6-4417-88EC-3368DED05E7A}.Debug|Any CPU.ActiveCfg = Debug|Any CPU
		{B74318D4-0AC6-4417-88EC-3368DED05E7A}.Debug|Any CPU.Build.0 = Debug|Any CPU
		{B74318D4-0AC6-4417-88EC-3368DED05E7A}.Release|Any CPU.ActiveCfg = Release|Any CPU
		{B74318D4-0AC6-4417-88EC-3368DED05E7A}.Release|Any CPU.Build.0 = Release|Any CPU
	EndGlobalSection
	GlobalSection(SolutionProperties) = preSolution
		HideSolutionNode = FALSE
	EndGlobalSection
	GlobalSection(ExtensibilityGlobals) = postSolution
		SolutionGuid = {A2F8C7D5-F4C7-4D60-884B-E9DBC4CF24D5}
	EndGlobalSection
EndGlobal
