
Microsoft Visual Studio Solution File, Format Version 12.00
# Visual Studio 15
VisualStudioVersion = 15.0.26730.12
MinimumVisualStudioVersion = 10.0.40219.1
Project("{FAE04EC0-301F-11D3-BF4B-00C04F79EFBC}") = "04", "04\04.csproj", "{19D21966-6D68-4B1B-88DB-50D9C3C1C677}"
EndProject
Global
	GlobalSection(SolutionConfigurationPlatforms) = preSolution
		Debug|Any CPU = Debug|Any CPU
		Release|Any CPU = Release|Any CPU
	EndGlobalSection
	GlobalSection(ProjectConfigurationPlatforms) = postSolution
		{19D21966-6D68-4B1B-88DB-50D9C3C1C677}.Debug|Any CPU.ActiveCfg = Debug|Any CPU
		{19D21966-6D68-4B1B-88DB-50D9C3C1C677}.Debug|Any CPU.Build.0 = Debug|Any CPU
		{19D21966-6D68-4B1B-88DB-50D9C3C1C677}.Release|Any CPU.ActiveCfg = Release|Any CPU
		{19D21966-6D68-4B1B-88DB-50D9C3C1C677}.Release|Any CPU.Build.0 = Release|Any CPU
	EndGlobalSection
	GlobalSection(SolutionProperties) = preSolution
		HideSolutionNode = FALSE
	EndGlobalSection
	GlobalSection(ExtensibilityGlobals) = postSolution
		SolutionGuid = {6AE7A61C-DD44-4581-94AF-59F990C9ABA4}
	EndGlobalSection
EndGlobal
