
Microsoft Visual Studio Solution File, Format Version 12.00
# Visual Studio 15
VisualStudioVersion = 15.0.26730.12
MinimumVisualStudioVersion = 10.0.40219.1
Project("{FAE04EC0-301F-11D3-BF4B-00C04F79EFBC}") = "poker", "poker\poker.csproj", "{F9CC5081-76E3-4DB1-86B5-A24206750FF9}"
EndProject
Project("{FAE04EC0-301F-11D3-BF4B-00C04F79EFBC}") = "pokertest", "pokertest\pokertest.csproj", "{60227743-5905-4A0C-A1D0-FF8023BE3F14}"
EndProject
Global
	GlobalSection(SolutionConfigurationPlatforms) = preSolution
		Debug|Any CPU = Debug|Any CPU
		Release|Any CPU = Release|Any CPU
	EndGlobalSection
	GlobalSection(ProjectConfigurationPlatforms) = postSolution
		{F9CC5081-76E3-4DB1-86B5-A24206750FF9}.Debug|Any CPU.ActiveCfg = Debug|Any CPU
		{F9CC5081-76E3-4DB1-86B5-A24206750FF9}.Debug|Any CPU.Build.0 = Debug|Any CPU
		{F9CC5081-76E3-4DB1-86B5-A24206750FF9}.Release|Any CPU.ActiveCfg = Release|Any CPU
		{F9CC5081-76E3-4DB1-86B5-A24206750FF9}.Release|Any CPU.Build.0 = Release|Any CPU
		{60227743-5905-4A0C-A1D0-FF8023BE3F14}.Debug|Any CPU.ActiveCfg = Debug|Any CPU
		{60227743-5905-4A0C-A1D0-FF8023BE3F14}.Debug|Any CPU.Build.0 = Debug|Any CPU
		{60227743-5905-4A0C-A1D0-FF8023BE3F14}.Release|Any CPU.ActiveCfg = Release|Any CPU
		{60227743-5905-4A0C-A1D0-FF8023BE3F14}.Release|Any CPU.Build.0 = Release|Any CPU
	EndGlobalSection
	GlobalSection(SolutionProperties) = preSolution
		HideSolutionNode = FALSE
	EndGlobalSection
	GlobalSection(ExtensibilityGlobals) = postSolution
		SolutionGuid = {4751EC14-B1AD-4091-ACD4-F79192914CB3}
	EndGlobalSection
EndGlobal
