
Microsoft Visual Studio Solution File, Format Version 12.00
# Visual Studio 15
VisualStudioVersion = 15.0.26730.12
MinimumVisualStudioVersion = 10.0.40219.1
Project("{FAE04EC0-301F-11D3-BF4B-00C04F79EFBC}") = "08", "08\08.csproj", "{3DA2C638-ABBC-4AED-9D2C-12CFF7CCC4A4}"
EndProject
Global
	GlobalSection(SolutionConfigurationPlatforms) = preSolution
		Debug|Any CPU = Debug|Any CPU
		Release|Any CPU = Release|Any CPU
	EndGlobalSection
	GlobalSection(ProjectConfigurationPlatforms) = postSolution
		{3DA2C638-ABBC-4AED-9D2C-12CFF7CCC4A4}.Debug|Any CPU.ActiveCfg = Debug|Any CPU
		{3DA2C638-ABBC-4AED-9D2C-12CFF7CCC4A4}.Debug|Any CPU.Build.0 = Debug|Any CPU
		{3DA2C638-ABBC-4AED-9D2C-12CFF7CCC4A4}.Release|Any CPU.ActiveCfg = Release|Any CPU
		{3DA2C638-ABBC-4AED-9D2C-12CFF7CCC4A4}.Release|Any CPU.Build.0 = Release|Any CPU
	EndGlobalSection
	GlobalSection(SolutionProperties) = preSolution
		HideSolutionNode = FALSE
	EndGlobalSection
	GlobalSection(ExtensibilityGlobals) = postSolution
		SolutionGuid = {140275FD-0B3F-4156-BA87-CC63F3C6C27F}
	EndGlobalSection
EndGlobal
