
Microsoft Visual Studio Solution File, Format Version 12.00
# Visual Studio 15
VisualStudioVersion = 15.0.26730.12
MinimumVisualStudioVersion = 10.0.40219.1
Project("{FAE04EC0-301F-11D3-BF4B-00C04F79EFBC}") = "35", "35\35.csproj", "{67A98645-91CF-4A84-837C-5B43689E720D}"
EndProject
Global
	GlobalSection(SolutionConfigurationPlatforms) = preSolution
		Debug|Any CPU = Debug|Any CPU
		Release|Any CPU = Release|Any CPU
	EndGlobalSection
	GlobalSection(ProjectConfigurationPlatforms) = postSolution
		{67A98645-91CF-4A84-837C-5B43689E720D}.Debug|Any CPU.ActiveCfg = Debug|Any CPU
		{67A98645-91CF-4A84-837C-5B43689E720D}.Debug|Any CPU.Build.0 = Debug|Any CPU
		{67A98645-91CF-4A84-837C-5B43689E720D}.Release|Any CPU.ActiveCfg = Release|Any CPU
		{67A98645-91CF-4A84-837C-5B43689E720D}.Release|Any CPU.Build.0 = Release|Any CPU
	EndGlobalSection
	GlobalSection(SolutionProperties) = preSolution
		HideSolutionNode = FALSE
	EndGlobalSection
	GlobalSection(ExtensibilityGlobals) = postSolution
		SolutionGuid = {041385BD-4D46-4E0F-A4A1-A714AECA9C9D}
	EndGlobalSection
EndGlobal
