
Microsoft Visual Studio Solution File, Format Version 12.00
# Visual Studio 15
VisualStudioVersion = 15.0.26730.12
MinimumVisualStudioVersion = 10.0.40219.1
Project("{FAE04EC0-301F-11D3-BF4B-00C04F79EFBC}") = "03", "03\03.csproj", "{DC6A00DA-EAC4-4A77-9902-43C024CBBF9A}"
EndProject
Global
	GlobalSection(SolutionConfigurationPlatforms) = preSolution
		Debug|Any CPU = Debug|Any CPU
		Release|Any CPU = Release|Any CPU
	EndGlobalSection
	GlobalSection(ProjectConfigurationPlatforms) = postSolution
		{DC6A00DA-EAC4-4A77-9902-43C024CBBF9A}.Debug|Any CPU.ActiveCfg = Debug|Any CPU
		{DC6A00DA-EAC4-4A77-9902-43C024CBBF9A}.Debug|Any CPU.Build.0 = Debug|Any CPU
		{DC6A00DA-EAC4-4A77-9902-43C024CBBF9A}.Release|Any CPU.ActiveCfg = Release|Any CPU
		{DC6A00DA-EAC4-4A77-9902-43C024CBBF9A}.Release|Any CPU.Build.0 = Release|Any CPU
	EndGlobalSection
	GlobalSection(SolutionProperties) = preSolution
		HideSolutionNode = FALSE
	EndGlobalSection
	GlobalSection(ExtensibilityGlobals) = postSolution
		SolutionGuid = {AFD9EA80-CBE4-45B7-825E-7D880F5D6565}
	EndGlobalSection
EndGlobal
