
Microsoft Visual Studio Solution File, Format Version 12.00
# Visual Studio 15
VisualStudioVersion = 15.0.26730.12
MinimumVisualStudioVersion = 10.0.40219.1
Project("{FAE04EC0-301F-11D3-BF4B-00C04F79EFBC}") = "01", "01\01.csproj", "{4F218532-52FE-4765-8061-0A213C7144CB}"
EndProject
Global
	GlobalSection(SolutionConfigurationPlatforms) = preSolution
		Debug|Any CPU = Debug|Any CPU
		Release|Any CPU = Release|Any CPU
	EndGlobalSection
	GlobalSection(ProjectConfigurationPlatforms) = postSolution
		{4F218532-52FE-4765-8061-0A213C7144CB}.Debug|Any CPU.ActiveCfg = Debug|Any CPU
		{4F218532-52FE-4765-8061-0A213C7144CB}.Debug|Any CPU.Build.0 = Debug|Any CPU
		{4F218532-52FE-4765-8061-0A213C7144CB}.Release|Any CPU.ActiveCfg = Release|Any CPU
		{4F218532-52FE-4765-8061-0A213C7144CB}.Release|Any CPU.Build.0 = Release|Any CPU
	EndGlobalSection
	GlobalSection(SolutionProperties) = preSolution
		HideSolutionNode = FALSE
	EndGlobalSection
	GlobalSection(ExtensibilityGlobals) = postSolution
		SolutionGuid = {36B2CDB5-AAA2-4867-B67F-13D1B0103133}
	EndGlobalSection
EndGlobal
