
Microsoft Visual Studio Solution File, Format Version 12.00
# Visual Studio 15
VisualStudioVersion = 15.0.26730.12
MinimumVisualStudioVersion = 10.0.40219.1
Project("{FAE04EC0-301F-11D3-BF4B-00C04F79EFBC}") = "26", "26\26.csproj", "{7566F698-5232-4B46-9010-5F1A2E4E65F4}"
EndProject
Global
	GlobalSection(SolutionConfigurationPlatforms) = preSolution
		Debug|Any CPU = Debug|Any CPU
		Release|Any CPU = Release|Any CPU
	EndGlobalSection
	GlobalSection(ProjectConfigurationPlatforms) = postSolution
		{7566F698-5232-4B46-9010-5F1A2E4E65F4}.Debug|Any CPU.ActiveCfg = Debug|Any CPU
		{7566F698-5232-4B46-9010-5F1A2E4E65F4}.Debug|Any CPU.Build.0 = Debug|Any CPU
		{7566F698-5232-4B46-9010-5F1A2E4E65F4}.Release|Any CPU.ActiveCfg = Release|Any CPU
		{7566F698-5232-4B46-9010-5F1A2E4E65F4}.Release|Any CPU.Build.0 = Release|Any CPU
	EndGlobalSection
	GlobalSection(SolutionProperties) = preSolution
		HideSolutionNode = FALSE
	EndGlobalSection
	GlobalSection(ExtensibilityGlobals) = postSolution
		SolutionGuid = {4044F3A3-176C-43E8-A2B4-05B5820CC9EE}
	EndGlobalSection
EndGlobal
