
Microsoft Visual Studio Solution File, Format Version 12.00
# Visual Studio 15
VisualStudioVersion = 15.0.26730.12
MinimumVisualStudioVersion = 10.0.40219.1
Project("{FAE04EC0-301F-11D3-BF4B-00C04F79EFBC}") = "minesweeper", "minesweeper\minesweeper.csproj", "{2D9B0E93-9072-45CE-BC55-9B29A9012904}"
EndProject
Global
	GlobalSection(SolutionConfigurationPlatforms) = preSolution
		Debug|Any CPU = Debug|Any CPU
		Release|Any CPU = Release|Any CPU
	EndGlobalSection
	GlobalSection(ProjectConfigurationPlatforms) = postSolution
		{2D9B0E93-9072-45CE-BC55-9B29A9012904}.Debug|Any CPU.ActiveCfg = Debug|Any CPU
		{2D9B0E93-9072-45CE-BC55-9B29A9012904}.Debug|Any CPU.Build.0 = Debug|Any CPU
		{2D9B0E93-9072-45CE-BC55-9B29A9012904}.Release|Any CPU.ActiveCfg = Release|Any CPU
		{2D9B0E93-9072-45CE-BC55-9B29A9012904}.Release|Any CPU.Build.0 = Release|Any CPU
	EndGlobalSection
	GlobalSection(SolutionProperties) = preSolution
		HideSolutionNode = FALSE
	EndGlobalSection
	GlobalSection(ExtensibilityGlobals) = postSolution
		SolutionGuid = {15D67B99-1630-4D90-B755-7EDD4E22A2AE}
	EndGlobalSection
EndGlobal
