
Microsoft Visual Studio Solution File, Format Version 12.00
# Visual Studio 15
VisualStudioVersion = 15.0.26730.12
MinimumVisualStudioVersion = 10.0.40219.1
Project("{FAE04EC0-301F-11D3-BF4B-00C04F79EFBC}") = "Anagram", "Anagram\Anagram.csproj", "{5FFC9A50-2B70-42EF-ABE2-68E07A75E3B8}"
EndProject
Project("{FAE04EC0-301F-11D3-BF4B-00C04F79EFBC}") = "AnagramTest.cs", "AnagramTest.cs\AnagramTest.cs.csproj", "{2127A49C-8884-4B9D-9FA8-AC2591834104}"
EndProject
Global
	GlobalSection(SolutionConfigurationPlatforms) = preSolution
		Debug|Any CPU = Debug|Any CPU
		Release|Any CPU = Release|Any CPU
	EndGlobalSection
	GlobalSection(ProjectConfigurationPlatforms) = postSolution
		{5FFC9A50-2B70-42EF-ABE2-68E07A75E3B8}.Debug|Any CPU.ActiveCfg = Debug|Any CPU
		{5FFC9A50-2B70-42EF-ABE2-68E07A75E3B8}.Debug|Any CPU.Build.0 = Debug|Any CPU
		{5FFC9A50-2B70-42EF-ABE2-68E07A75E3B8}.Release|Any CPU.ActiveCfg = Release|Any CPU
		{5FFC9A50-2B70-42EF-ABE2-68E07A75E3B8}.Release|Any CPU.Build.0 = Release|Any CPU
		{2127A49C-8884-4B9D-9FA8-AC2591834104}.Debug|Any CPU.ActiveCfg = Debug|Any CPU
		{2127A49C-8884-4B9D-9FA8-AC2591834104}.Debug|Any CPU.Build.0 = Debug|Any CPU
		{2127A49C-8884-4B9D-9FA8-AC2591834104}.Release|Any CPU.ActiveCfg = Release|Any CPU
		{2127A49C-8884-4B9D-9FA8-AC2591834104}.Release|Any CPU.Build.0 = Release|Any CPU
	EndGlobalSection
	GlobalSection(SolutionProperties) = preSolution
		HideSolutionNode = FALSE
	EndGlobalSection
	GlobalSection(ExtensibilityGlobals) = postSolution
		SolutionGuid = {94F91B21-AA52-4E00-8D6A-91851C0FC4C2}
	EndGlobalSection
EndGlobal
