
Microsoft Visual Studio Solution File, Format Version 12.00
# Visual Studio 15
VisualStudioVersion = 15.0.26730.12
MinimumVisualStudioVersion = 10.0.40219.1
Project("{FAE04EC0-301F-11D3-BF4B-00C04F79EFBC}") = "CowsAndBulls", "CowsAndBulls\CowsAndBulls.csproj", "{9AD03B43-B26A-4141-8BEA-CDCDA223C314}"
EndProject
Project("{FAE04EC0-301F-11D3-BF4B-00C04F79EFBC}") = "TestCAB", "TestCAB\TestCAB.csproj", "{58B2A349-5D65-457B-B8C4-B26177DCBBFE}"
EndProject
Global
	GlobalSection(SolutionConfigurationPlatforms) = preSolution
		Debug|Any CPU = Debug|Any CPU
		Release|Any CPU = Release|Any CPU
	EndGlobalSection
	GlobalSection(ProjectConfigurationPlatforms) = postSolution
		{9AD03B43-B26A-4141-8BEA-CDCDA223C314}.Debug|Any CPU.ActiveCfg = Debug|Any CPU
		{9AD03B43-B26A-4141-8BEA-CDCDA223C314}.Debug|Any CPU.Build.0 = Debug|Any CPU
		{9AD03B43-B26A-4141-8BEA-CDCDA223C314}.Release|Any CPU.ActiveCfg = Release|Any CPU
		{9AD03B43-B26A-4141-8BEA-CDCDA223C314}.Release|Any CPU.Build.0 = Release|Any CPU
		{58B2A349-5D65-457B-B8C4-B26177DCBBFE}.Debug|Any CPU.ActiveCfg = Debug|Any CPU
		{58B2A349-5D65-457B-B8C4-B26177DCBBFE}.Debug|Any CPU.Build.0 = Debug|Any CPU
		{58B2A349-5D65-457B-B8C4-B26177DCBBFE}.Release|Any CPU.ActiveCfg = Release|Any CPU
		{58B2A349-5D65-457B-B8C4-B26177DCBBFE}.Release|Any CPU.Build.0 = Release|Any CPU
	EndGlobalSection
	GlobalSection(SolutionProperties) = preSolution
		HideSolutionNode = FALSE
	EndGlobalSection
	GlobalSection(ExtensibilityGlobals) = postSolution
		SolutionGuid = {F737CAD1-3792-4679-8A72-0C1B950429BD}
	EndGlobalSection
EndGlobal
