
Microsoft Visual Studio Solution File, Format Version 12.00
# Visual Studio 15
VisualStudioVersion = 15.0.26730.12
MinimumVisualStudioVersion = 10.0.40219.1
Project("{FAE04EC0-301F-11D3-BF4B-00C04F79EFBC}") = "10", "10\10.csproj", "{BE6C11C8-4BB4-4F88-83DE-50B6B8F51A8F}"
EndProject
Global
	GlobalSection(SolutionConfigurationPlatforms) = preSolution
		Debug|Any CPU = Debug|Any CPU
		Release|Any CPU = Release|Any CPU
	EndGlobalSection
	GlobalSection(ProjectConfigurationPlatforms) = postSolution
		{BE6C11C8-4BB4-4F88-83DE-50B6B8F51A8F}.Debug|Any CPU.ActiveCfg = Debug|Any CPU
		{BE6C11C8-4BB4-4F88-83DE-50B6B8F51A8F}.Debug|Any CPU.Build.0 = Debug|Any CPU
		{BE6C11C8-4BB4-4F88-83DE-50B6B8F51A8F}.Release|Any CPU.ActiveCfg = Release|Any CPU
		{BE6C11C8-4BB4-4F88-83DE-50B6B8F51A8F}.Release|Any CPU.Build.0 = Release|Any CPU
	EndGlobalSection
	GlobalSection(SolutionProperties) = preSolution
		HideSolutionNode = FALSE
	EndGlobalSection
	GlobalSection(ExtensibilityGlobals) = postSolution
		SolutionGuid = {118F31E5-E4EC-4DFB-923F-B4C775B4FBFA}
	EndGlobalSection
EndGlobal
