
Microsoft Visual Studio Solution File, Format Version 12.00
# Visual Studio 15
VisualStudioVersion = 15.0.26730.12
MinimumVisualStudioVersion = 10.0.40219.1
Project("{FAE04EC0-301F-11D3-BF4B-00C04F79EFBC}") = "Extension", "Extension\Extension.csproj", "{6E2CF62F-9F71-4C3B-90B8-F565FA18C43D}"
EndProject
Project("{FAE04EC0-301F-11D3-BF4B-00C04F79EFBC}") = "TestExtension", "TestExtension\TestExtension.csproj", "{1B242399-7559-418A-BCF7-9A9D213F66B6}"
EndProject
Global
	GlobalSection(SolutionConfigurationPlatforms) = preSolution
		Debug|Any CPU = Debug|Any CPU
		Release|Any CPU = Release|Any CPU
	EndGlobalSection
	GlobalSection(ProjectConfigurationPlatforms) = postSolution
		{6E2CF62F-9F71-4C3B-90B8-F565FA18C43D}.Debug|Any CPU.ActiveCfg = Debug|Any CPU
		{6E2CF62F-9F71-4C3B-90B8-F565FA18C43D}.Debug|Any CPU.Build.0 = Debug|Any CPU
		{6E2CF62F-9F71-4C3B-90B8-F565FA18C43D}.Release|Any CPU.ActiveCfg = Release|Any CPU
		{6E2CF62F-9F71-4C3B-90B8-F565FA18C43D}.Release|Any CPU.Build.0 = Release|Any CPU
		{1B242399-7559-418A-BCF7-9A9D213F66B6}.Debug|Any CPU.ActiveCfg = Debug|Any CPU
		{1B242399-7559-418A-BCF7-9A9D213F66B6}.Debug|Any CPU.Build.0 = Debug|Any CPU
		{1B242399-7559-418A-BCF7-9A9D213F66B6}.Release|Any CPU.ActiveCfg = Release|Any CPU
		{1B242399-7559-418A-BCF7-9A9D213F66B6}.Release|Any CPU.Build.0 = Release|Any CPU
	EndGlobalSection
	GlobalSection(SolutionProperties) = preSolution
		HideSolutionNode = FALSE
	EndGlobalSection
	GlobalSection(ExtensibilityGlobals) = postSolution
		SolutionGuid = {F6976C4A-18EC-4658-B814-DE72359F9942}
	EndGlobalSection
EndGlobal
