
Microsoft Visual Studio Solution File, Format Version 12.00
# Visual Studio 15
VisualStudioVersion = 15.0.26730.12
MinimumVisualStudioVersion = 10.0.40219.1
Project("{FAE04EC0-301F-11D3-BF4B-00C04F79EFBC}") = "13", "13\13.csproj", "{EE51E432-4B70-4A3F-83C9-CF071FCB4669}"
EndProject
Global
	GlobalSection(SolutionConfigurationPlatforms) = preSolution
		Debug|Any CPU = Debug|Any CPU
		Release|Any CPU = Release|Any CPU
	EndGlobalSection
	GlobalSection(ProjectConfigurationPlatforms) = postSolution
		{EE51E432-4B70-4A3F-83C9-CF071FCB4669}.Debug|Any CPU.ActiveCfg = Debug|Any CPU
		{EE51E432-4B70-4A3F-83C9-CF071FCB4669}.Debug|Any CPU.Build.0 = Debug|Any CPU
		{EE51E432-4B70-4A3F-83C9-CF071FCB4669}.Release|Any CPU.ActiveCfg = Release|Any CPU
		{EE51E432-4B70-4A3F-83C9-CF071FCB4669}.Release|Any CPU.Build.0 = Release|Any CPU
	EndGlobalSection
	GlobalSection(SolutionProperties) = preSolution
		HideSolutionNode = FALSE
	EndGlobalSection
	GlobalSection(ExtensibilityGlobals) = postSolution
		SolutionGuid = {7B8D89EE-A57C-4E20-A12F-56F58318E135}
	EndGlobalSection
EndGlobal
