
Microsoft Visual Studio Solution File, Format Version 12.00
# Visual Studio 15
VisualStudioVersion = 15.0.26730.12
MinimumVisualStudioVersion = 10.0.40219.1
Project("{FAE04EC0-301F-11D3-BF4B-00C04F79EFBC}") = "03", "03\03.csproj", "{1F7AB9F1-3071-48E5-ACA2-A47B63931A2B}"
EndProject
Global
	GlobalSection(SolutionConfigurationPlatforms) = preSolution
		Debug|Any CPU = Debug|Any CPU
		Release|Any CPU = Release|Any CPU
	EndGlobalSection
	GlobalSection(ProjectConfigurationPlatforms) = postSolution
		{1F7AB9F1-3071-48E5-ACA2-A47B63931A2B}.Debug|Any CPU.ActiveCfg = Debug|Any CPU
		{1F7AB9F1-3071-48E5-ACA2-A47B63931A2B}.Debug|Any CPU.Build.0 = Debug|Any CPU
		{1F7AB9F1-3071-48E5-ACA2-A47B63931A2B}.Release|Any CPU.ActiveCfg = Release|Any CPU
		{1F7AB9F1-3071-48E5-ACA2-A47B63931A2B}.Release|Any CPU.Build.0 = Release|Any CPU
	EndGlobalSection
	GlobalSection(SolutionProperties) = preSolution
		HideSolutionNode = FALSE
	EndGlobalSection
	GlobalSection(ExtensibilityGlobals) = postSolution
		SolutionGuid = {D2776F95-F0D5-4EB8-A872-6AAB78BFCBEE}
	EndGlobalSection
EndGlobal
