
Microsoft Visual Studio Solution File, Format Version 12.00
# Visual Studio 15
VisualStudioVersion = 15.0.26730.12
MinimumVisualStudioVersion = 10.0.40219.1
Project("{FAE04EC0-301F-11D3-BF4B-00C04F79EFBC}") = "03", "03\03.csproj", "{D2CEEA04-D986-4DA3-B270-5C1C7C5CD51F}"
EndProject
Global
	GlobalSection(SolutionConfigurationPlatforms) = preSolution
		Debug|Any CPU = Debug|Any CPU
		Release|Any CPU = Release|Any CPU
	EndGlobalSection
	GlobalSection(ProjectConfigurationPlatforms) = postSolution
		{D2CEEA04-D986-4DA3-B270-5C1C7C5CD51F}.Debug|Any CPU.ActiveCfg = Debug|Any CPU
		{D2CEEA04-D986-4DA3-B270-5C1C7C5CD51F}.Debug|Any CPU.Build.0 = Debug|Any CPU
		{D2CEEA04-D986-4DA3-B270-5C1C7C5CD51F}.Release|Any CPU.ActiveCfg = Release|Any CPU
		{D2CEEA04-D986-4DA3-B270-5C1C7C5CD51F}.Release|Any CPU.Build.0 = Release|Any CPU
	EndGlobalSection
	GlobalSection(SolutionProperties) = preSolution
		HideSolutionNode = FALSE
	EndGlobalSection
	GlobalSection(ExtensibilityGlobals) = postSolution
		SolutionGuid = {D5B791BB-A8B7-4E5D-A4D3-5167DCF671C0}
	EndGlobalSection
EndGlobal
