
Microsoft Visual Studio Solution File, Format Version 12.00
# Visual Studio 15
VisualStudioVersion = 15.0.26730.12
MinimumVisualStudioVersion = 10.0.40219.1
Project("{FAE04EC0-301F-11D3-BF4B-00C04F79EFBC}") = "20", "20\20.csproj", "{B92FCF84-83F7-40B1-A1C7-DBE6BD57AD1B}"
EndProject
Global
	GlobalSection(SolutionConfigurationPlatforms) = preSolution
		Debug|Any CPU = Debug|Any CPU
		Release|Any CPU = Release|Any CPU
	EndGlobalSection
	GlobalSection(ProjectConfigurationPlatforms) = postSolution
		{B92FCF84-83F7-40B1-A1C7-DBE6BD57AD1B}.Debug|Any CPU.ActiveCfg = Debug|Any CPU
		{B92FCF84-83F7-40B1-A1C7-DBE6BD57AD1B}.Debug|Any CPU.Build.0 = Debug|Any CPU
		{B92FCF84-83F7-40B1-A1C7-DBE6BD57AD1B}.Release|Any CPU.ActiveCfg = Release|Any CPU
		{B92FCF84-83F7-40B1-A1C7-DBE6BD57AD1B}.Release|Any CPU.Build.0 = Release|Any CPU
	EndGlobalSection
	GlobalSection(SolutionProperties) = preSolution
		HideSolutionNode = FALSE
	EndGlobalSection
	GlobalSection(ExtensibilityGlobals) = postSolution
		SolutionGuid = {2F48D9AC-6E80-42A4-AD7E-1C2653358A90}
	EndGlobalSection
EndGlobal
