
Microsoft Visual Studio Solution File, Format Version 12.00
# Visual Studio 15
VisualStudioVersion = 15.0.26730.12
MinimumVisualStudioVersion = 10.0.40219.1
Project("{FAE04EC0-301F-11D3-BF4B-00C04F79EFBC}") = "02", "02\02.csproj", "{31DB658E-443D-41A4-8AE8-AE86C72208C6}"
EndProject
Global
	GlobalSection(SolutionConfigurationPlatforms) = preSolution
		Debug|Any CPU = Debug|Any CPU
		Release|Any CPU = Release|Any CPU
	EndGlobalSection
	GlobalSection(ProjectConfigurationPlatforms) = postSolution
		{31DB658E-443D-41A4-8AE8-AE86C72208C6}.Debug|Any CPU.ActiveCfg = Debug|Any CPU
		{31DB658E-443D-41A4-8AE8-AE86C72208C6}.Debug|Any CPU.Build.0 = Debug|Any CPU
		{31DB658E-443D-41A4-8AE8-AE86C72208C6}.Release|Any CPU.ActiveCfg = Release|Any CPU
		{31DB658E-443D-41A4-8AE8-AE86C72208C6}.Release|Any CPU.Build.0 = Release|Any CPU
	EndGlobalSection
	GlobalSection(SolutionProperties) = preSolution
		HideSolutionNode = FALSE
	EndGlobalSection
	GlobalSection(ExtensibilityGlobals) = postSolution
		SolutionGuid = {761BA7F9-10EA-4B58-9A7B-3CED5A1B5417}
	EndGlobalSection
EndGlobal
