
Microsoft Visual Studio Solution File, Format Version 12.00
# Visual Studio 15
VisualStudioVersion = 15.0.26730.12
MinimumVisualStudioVersion = 10.0.40219.1
Project("{FAE04EC0-301F-11D3-BF4B-00C04F79EFBC}") = "Apples", "Apples\Apples.csproj", "{C6B48F62-9AC5-4EA8-808B-4ABA595E377F}"
EndProject
Project("{FAE04EC0-301F-11D3-BF4B-00C04F79EFBC}") = "AppleTest", "Test\AppleTest.csproj", "{8774D6AA-E25A-4C16-9447-A11D70976CB7}"
EndProject
Global
	GlobalSection(SolutionConfigurationPlatforms) = preSolution
		Debug|Any CPU = Debug|Any CPU
		Release|Any CPU = Release|Any CPU
	EndGlobalSection
	GlobalSection(ProjectConfigurationPlatforms) = postSolution
		{C6B48F62-9AC5-4EA8-808B-4ABA595E377F}.Debug|Any CPU.ActiveCfg = Debug|Any CPU
		{C6B48F62-9AC5-4EA8-808B-4ABA595E377F}.Debug|Any CPU.Build.0 = Debug|Any CPU
		{C6B48F62-9AC5-4EA8-808B-4ABA595E377F}.Release|Any CPU.ActiveCfg = Release|Any CPU
		{C6B48F62-9AC5-4EA8-808B-4ABA595E377F}.Release|Any CPU.Build.0 = Release|Any CPU
		{8774D6AA-E25A-4C16-9447-A11D70976CB7}.Debug|Any CPU.ActiveCfg = Debug|Any CPU
		{8774D6AA-E25A-4C16-9447-A11D70976CB7}.Debug|Any CPU.Build.0 = Debug|Any CPU
		{8774D6AA-E25A-4C16-9447-A11D70976CB7}.Release|Any CPU.ActiveCfg = Release|Any CPU
		{8774D6AA-E25A-4C16-9447-A11D70976CB7}.Release|Any CPU.Build.0 = Release|Any CPU
	EndGlobalSection
	GlobalSection(SolutionProperties) = preSolution
		HideSolutionNode = FALSE
	EndGlobalSection
	GlobalSection(ExtensibilityGlobals) = postSolution
		SolutionGuid = {7B1AA286-A0C8-41E8-B8D7-16EB1E495D52}
	EndGlobalSection
EndGlobal
