
Microsoft Visual Studio Solution File, Format Version 12.00
# Visual Studio 15
VisualStudioVersion = 15.0.26730.12
MinimumVisualStudioVersion = 10.0.40219.1
Project("{FAE04EC0-301F-11D3-BF4B-00C04F79EFBC}") = "01", "01\01.csproj", "{FC57EE8E-04C9-43B1-A035-E0A6F0FCD344}"
EndProject
Global
	GlobalSection(SolutionConfigurationPlatforms) = preSolution
		Debug|Any CPU = Debug|Any CPU
		Release|Any CPU = Release|Any CPU
	EndGlobalSection
	GlobalSection(ProjectConfigurationPlatforms) = postSolution
		{FC57EE8E-04C9-43B1-A035-E0A6F0FCD344}.Debug|Any CPU.ActiveCfg = Debug|Any CPU
		{FC57EE8E-04C9-43B1-A035-E0A6F0FCD344}.Debug|Any CPU.Build.0 = Debug|Any CPU
		{FC57EE8E-04C9-43B1-A035-E0A6F0FCD344}.Release|Any CPU.ActiveCfg = Release|Any CPU
		{FC57EE8E-04C9-43B1-A035-E0A6F0FCD344}.Release|Any CPU.Build.0 = Release|Any CPU
	EndGlobalSection
	GlobalSection(SolutionProperties) = preSolution
		HideSolutionNode = FALSE
	EndGlobalSection
	GlobalSection(ExtensibilityGlobals) = postSolution
		SolutionGuid = {54D83831-A67E-4892-800C-B1CF6ED114DA}
	EndGlobalSection
EndGlobal
