
Microsoft Visual Studio Solution File, Format Version 12.00
# Visual Studio 15
VisualStudioVersion = 15.0.26730.12
MinimumVisualStudioVersion = 10.0.40219.1
Project("{FAE04EC0-301F-11D3-BF4B-00C04F79EFBC}") = "07", "07\07.csproj", "{CC947457-ABB4-4A34-A449-08D155FF7D0B}"
EndProject
Global
	GlobalSection(SolutionConfigurationPlatforms) = preSolution
		Debug|Any CPU = Debug|Any CPU
		Release|Any CPU = Release|Any CPU
	EndGlobalSection
	GlobalSection(ProjectConfigurationPlatforms) = postSolution
		{CC947457-ABB4-4A34-A449-08D155FF7D0B}.Debug|Any CPU.ActiveCfg = Debug|Any CPU
		{CC947457-ABB4-4A34-A449-08D155FF7D0B}.Debug|Any CPU.Build.0 = Debug|Any CPU
		{CC947457-ABB4-4A34-A449-08D155FF7D0B}.Release|Any CPU.ActiveCfg = Release|Any CPU
		{CC947457-ABB4-4A34-A449-08D155FF7D0B}.Release|Any CPU.Build.0 = Release|Any CPU
	EndGlobalSection
	GlobalSection(SolutionProperties) = preSolution
		HideSolutionNode = FALSE
	EndGlobalSection
	GlobalSection(ExtensibilityGlobals) = postSolution
		SolutionGuid = {79F7E7F1-FED2-43FD-8A6B-BAF5EC131C1D}
	EndGlobalSection
EndGlobal
