
Microsoft Visual Studio Solution File, Format Version 12.00
# Visual Studio 15
VisualStudioVersion = 15.0.26730.12
MinimumVisualStudioVersion = 10.0.40219.1
Project("{FAE04EC0-301F-11D3-BF4B-00C04F79EFBC}") = "29", "29\29.csproj", "{5D797BBC-8156-4843-95C5-E8D6065539BC}"
EndProject
Global
	GlobalSection(SolutionConfigurationPlatforms) = preSolution
		Debug|Any CPU = Debug|Any CPU
		Release|Any CPU = Release|Any CPU
	EndGlobalSection
	GlobalSection(ProjectConfigurationPlatforms) = postSolution
		{5D797BBC-8156-4843-95C5-E8D6065539BC}.Debug|Any CPU.ActiveCfg = Debug|Any CPU
		{5D797BBC-8156-4843-95C5-E8D6065539BC}.Debug|Any CPU.Build.0 = Debug|Any CPU
		{5D797BBC-8156-4843-95C5-E8D6065539BC}.Release|Any CPU.ActiveCfg = Release|Any CPU
		{5D797BBC-8156-4843-95C5-E8D6065539BC}.Release|Any CPU.Build.0 = Release|Any CPU
	EndGlobalSection
	GlobalSection(SolutionProperties) = preSolution
		HideSolutionNode = FALSE
	EndGlobalSection
	GlobalSection(ExtensibilityGlobals) = postSolution
		SolutionGuid = {5FAE1547-866B-4423-906A-E6E9087DA1DE}
	EndGlobalSection
EndGlobal
